
Microsoft Visual Studio Solution File, Format Version 12.00
# Visual Studio Version 16
VisualStudioVersion = 16.0.31019.35
MinimumVisualStudioVersion = 10.0.40219.1
Project("{FAE04EC0-301F-11D3-BF4B-00C04F79EFBC}") = "Crud-MVC", "Crud-MVC\Crud-MVC.csproj", "{571EF671-D66A-412D-8AF3-7C3DEE98C470}"
EndProject
Global
	GlobalSection(SolutionConfigurationPlatforms) = preSolution
		Debug|Any CPU = Debug|Any CPU
		Release|Any CPU = Release|Any CPU
	EndGlobalSection
	GlobalSection(ProjectConfigurationPlatforms) = postSolution
		{571EF671-D66A-412D-8AF3-7C3DEE98C470}.Debug|Any CPU.ActiveCfg = Debug|Any CPU
		{571EF671-D66A-412D-8AF3-7C3DEE98C470}.Debug|Any CPU.Build.0 = Debug|Any CPU
		{571EF671-D66A-412D-8AF3-7C3DEE98C470}.Release|Any CPU.ActiveCfg = Release|Any CPU
		{571EF671-D66A-412D-8AF3-7C3DEE98C470}.Release|Any CPU.Build.0 = Release|Any CPU
	EndGlobalSection
	GlobalSection(SolutionProperties) = preSolution
		HideSolutionNode = FALSE
	EndGlobalSection
	GlobalSection(ExtensibilityGlobals) = postSolution
		SolutionGuid = {588D7F62-25F0-4601-910E-EDB95AF352CA}
	EndGlobalSection
EndGlobal
